
Microsoft Visual Studio Solution File, Format Version 12.00
# Visual Studio Version 17
VisualStudioVersion = 17.9.34728.123
MinimumVisualStudioVersion = 10.0.40219.1
Project("{9A19103F-16F7-4668-BE54-9A1E7A4F7556}") = "InstallWith.Cli", "InstallWIth.Cli\InstallWith.Cli.csproj", "{D591FCFA-B67F-4F80-B505-4B2C4261CBC1}"
EndProject
Project("{9A19103F-16F7-4668-BE54-9A1E7A4F7556}") = "InstallWith.Library", "InstallWith.Shared\InstallWith.Library.csproj", "{C196DBA6-5B8E-4AD6-B4BF-3CE905A18B06}"
EndProject
Global
	GlobalSection(SolutionConfigurationPlatforms) = preSolution
		Debug|Any CPU = Debug|Any CPU
		Release|Any CPU = Release|Any CPU
	EndGlobalSection
	GlobalSection(ProjectConfigurationPlatforms) = postSolution
		{D591FCFA-B67F-4F80-B505-4B2C4261CBC1}.Debug|Any CPU.ActiveCfg = Debug|Any CPU
		{D591FCFA-B67F-4F80-B505-4B2C4261CBC1}.Debug|Any CPU.Build.0 = Debug|Any CPU
		{D591FCFA-B67F-4F80-B505-4B2C4261CBC1}.Release|Any CPU.ActiveCfg = Release|Any CPU
		{D591FCFA-B67F-4F80-B505-4B2C4261CBC1}.Release|Any CPU.Build.0 = Release|Any CPU
		{C196DBA6-5B8E-4AD6-B4BF-3CE905A18B06}.Debug|Any CPU.ActiveCfg = Debug|Any CPU
		{C196DBA6-5B8E-4AD6-B4BF-3CE905A18B06}.Debug|Any CPU.Build.0 = Debug|Any CPU
		{C196DBA6-5B8E-4AD6-B4BF-3CE905A18B06}.Release|Any CPU.ActiveCfg = Release|Any CPU
		{C196DBA6-5B8E-4AD6-B4BF-3CE905A18B06}.Release|Any CPU.Build.0 = Release|Any CPU
	EndGlobalSection
	GlobalSection(SolutionProperties) = preSolution
		HideSolutionNode = FALSE
	EndGlobalSection
	GlobalSection(ExtensibilityGlobals) = postSolution
		SolutionGuid = {F51B74EC-CF65-4BCD-85B8-8C2C75EE2784}
	EndGlobalSection
EndGlobal
